// !$*UTF8*$!
{
	archiveVersion = 1;
	classes = {
	};
	objectVersion = 77;
	objects = {

/* Begin PBXBuildFile section */
		C00000000000000000000021 /* FirmamentWidgets.appex in Embed Foundation Extensions */ = {isa = PBXBuildFile; fileRef = D00000000000000000000002 /* FirmamentWidgets.appex */; settings = {ATTRIBUTES = (RemoveHeadersOnCopy, ); }; };
		B00000000000000000000021 /* FirmamentKit in Frameworks */ = {isa = PBXBuildFile; productRef = B00000000000000000000004 /* FirmamentKit */; };
		C00000000000000000000022 /* FirmamentKit in Frameworks */ = {isa = PBXBuildFile; productRef = C00000000000000000000004 /* FirmamentKit */; };
		D00000000000000000000022 /* FirmamentKit in Frameworks */ = {isa = PBXBuildFile; productRef = D00000000000000000000004 /* FirmamentKit */; };
/* End PBXBuildFile section */

/* Begin PBXContainerItemProxy section */
		C00000000000000000000005 /* PBXContainerItemProxy */ = {
			isa = PBXContainerItemProxy;
			containerPortal = A00000000000000000000001 /* Project object */;
			proxyType = 1;
			remoteGlobalIDString = D00000000000000000000010;
			remoteInfo = FirmamentWidgets;
		};
/* End PBXContainerItemProxy section */

/* Begin PBXCopyFilesBuildPhase section */
		C00000000000000000000006 /* Embed Foundation Extensions */ = {
			isa = PBXCopyFilesBuildPhase;
			buildActionMask = 2147483647;
			dstPath = "";
			dstSubfolderSpec = 13;
			files = (
				C00000000000000000000021 /* FirmamentWidgets.appex in Embed Foundation Extensions */,
			);
			name = "Embed Foundation Extensions";
			runOnlyForDeploymentPostprocessing = 0;
		};
/* End PBXCopyFilesBuildPhase section */

/* Begin PBXFileReference section */
		B00000000000000000000002 /* Firmament.app */ = {isa = PBXFileReference; explicitFileType = wrapper.application; includeInIndex = 0; path = Firmament.app; sourceTree = BUILT_PRODUCTS_DIR; };
		C00000000000000000000002 /* Firmament iOS.app */ = {isa = PBXFileReference; explicitFileType = wrapper.application; includeInIndex = 0; path = "Firmament iOS.app"; sourceTree = BUILT_PRODUCTS_DIR; };
		D00000000000000000000002 /* FirmamentWidgets.appex */ = {isa = PBXFileReference; explicitFileType = "wrapper.app-extension"; includeInIndex = 0; path = FirmamentWidgets.appex; sourceTree = BUILT_PRODUCTS_DIR; };
/* End PBXFileReference section */

/* Begin PBXFileSystemSynchronizedRootGroup section */
		E00000000000000000000001 /* Mac */ = {isa = PBXFileSystemSynchronizedRootGroup; path = Mac; sourceTree = "<group>"; };
		E00000000000000000000002 /* iOS */ = {isa = PBXFileSystemSynchronizedRootGroup; path = iOS; sourceTree = "<group>"; };
		E00000000000000000000003 /* iOSWidgets */ = {isa = PBXFileSystemSynchronizedRootGroup; path = iOSWidgets; sourceTree = "<group>"; };
/* End PBXFileSystemSynchronizedRootGroup section */

/* Begin PBXFrameworksBuildPhase section */
		B00000000000000000000031 /* Frameworks */ = {
			isa = PBXFrameworksBuildPhase;
			buildActionMask = 2147483647;
			files = (
				B00000000000000000000021 /* FirmamentKit in Frameworks */,
			);
			runOnlyForDeploymentPostprocessing = 0;
		};
		C00000000000000000000031 /* Frameworks */ = {
			isa = PBXFrameworksBuildPhase;
			buildActionMask = 2147483647;
			files = (
				C00000000000000000000022 /* FirmamentKit in Frameworks */,
			);
			runOnlyForDeploymentPostprocessing = 0;
		};
		D00000000000000000000031 /* Frameworks */ = {
			isa = PBXFrameworksBuildPhase;
			buildActionMask = 2147483647;
			files = (
				D00000000000000000000022 /* FirmamentKit in Frameworks */,
			);
			runOnlyForDeploymentPostprocessing = 0;
		};
/* End PBXFrameworksBuildPhase section */

/* Begin PBXGroup section */
		A00000000000000000000002 = {
			isa = PBXGroup;
			children = (
				E00000000000000000000001 /* Mac */,
				E00000000000000000000002 /* iOS */,
				E00000000000000000000003 /* iOSWidgets */,
				A00000000000000000000003 /* Products */,
			);
			sourceTree = "<group>";
		};
		A00000000000000000000003 /* Products */ = {
			isa = PBXGroup;
			children = (
				B00000000000000000000002 /* Firmament.app */,
				C00000000000000000000002 /* Firmament iOS.app */,
				D00000000000000000000002 /* FirmamentWidgets.appex */,
			);
			name = Products;
			sourceTree = "<group>";
		};
/* End PBXGroup section */

/* Begin PBXNativeTarget section */
		B00000000000000000000001 /* Firmament */ = {
			isa = PBXNativeTarget;
			buildConfigurationList = B00000000000000000000041 /* Build configuration list for PBXNativeTarget "Firmament" */;
			buildPhases = (
				B00000000000000000000051 /* Sources */,
				B00000000000000000000031 /* Frameworks */,
			);
			buildRules = (
			);
			dependencies = (
			);
			fileSystemSynchronizedGroups = (
				E00000000000000000000001 /* Mac */,
			);
			name = Firmament;
			packageProductDependencies = (
				B00000000000000000000004 /* FirmamentKit */,
			);
			productName = Firmament;
			productReference = B00000000000000000000002 /* Firmament.app */;
			productType = "com.apple.product-type.application";
		};
		C00000000000000000000001 /* Firmament iOS */ = {
			isa = PBXNativeTarget;
			buildConfigurationList = C00000000000000000000041 /* Build configuration list for PBXNativeTarget "Firmament iOS" */;
			buildPhases = (
				C00000000000000000000051 /* Sources */,
				C00000000000000000000031 /* Frameworks */,
				C00000000000000000000006 /* Embed Foundation Extensions */,
			);
			buildRules = (
			);
			dependencies = (
				C00000000000000000000007 /* PBXTargetDependency */,
			);
			fileSystemSynchronizedGroups = (
				E00000000000000000000002 /* iOS */,
			);
			name = "Firmament iOS";
			packageProductDependencies = (
				C00000000000000000000004 /* FirmamentKit */,
			);
			productName = "Firmament iOS";
			productReference = C00000000000000000000002 /* Firmament iOS.app */;
			productType = "com.apple.product-type.application";
		};
		D00000000000000000000010 /* FirmamentWidgets */ = {
			isa = PBXNativeTarget;
			buildConfigurationList = D00000000000000000000041 /* Build configuration list for PBXNativeTarget "FirmamentWidgets" */;
			buildPhases = (
				D00000000000000000000051 /* Sources */,
				D00000000000000000000031 /* Frameworks */,
			);
			buildRules = (
			);
			dependencies = (
			);
			fileSystemSynchronizedGroups = (
				E00000000000000000000003 /* iOSWidgets */,
			);
			name = FirmamentWidgets;
			packageProductDependencies = (
				D00000000000000000000004 /* FirmamentKit */,
			);
			productName = FirmamentWidgets;
			productReference = D00000000000000000000002 /* FirmamentWidgets.appex */;
			productType = "com.apple.product-type.app-extension";
		};
/* End PBXNativeTarget section */

/* Begin PBXProject section */
		A00000000000000000000001 /* Project object */ = {
			isa = PBXProject;
			attributes = {
				BuildIndependentTargetsInParallel = 1;
				LastUpgradeCheck = 2660;
			};
			buildConfigurationList = A00000000000000000000004 /* Build configuration list for PBXProject "Firmament" */;
			developmentRegion = en;
			hasScannedForEncodings = 0;
			knownRegions = (
				en,
				Base,
			);
			mainGroup = A00000000000000000000002;
			packageReferences = (
				F00000000000000000000001 /* XCLocalSwiftPackageReference "FirmamentKit" */,
			);
			productRefGroup = A00000000000000000000003 /* Products */;
			projectDirPath = "";
			projectRoot = "";
			targets = (
				B00000000000000000000001 /* Firmament */,
				C00000000000000000000001 /* Firmament iOS */,
				D00000000000000000000010 /* FirmamentWidgets */,
			);
		};
/* End PBXProject section */

/* Begin PBXSourcesBuildPhase section */
		B00000000000000000000051 /* Sources */ = {
			isa = PBXSourcesBuildPhase;
			buildActionMask = 2147483647;
			files = (
			);
			runOnlyForDeploymentPostprocessing = 0;
		};
		C00000000000000000000051 /* Sources */ = {
			isa = PBXSourcesBuildPhase;
			buildActionMask = 2147483647;
			files = (
			);
			runOnlyForDeploymentPostprocessing = 0;
		};
		D00000000000000000000051 /* Sources */ = {
			isa = PBXSourcesBuildPhase;
			buildActionMask = 2147483647;
			files = (
			);
			runOnlyForDeploymentPostprocessing = 0;
		};
/* End PBXSourcesBuildPhase section */

/* Begin PBXTargetDependency section */
		C00000000000000000000007 /* PBXTargetDependency */ = {
			isa = PBXTargetDependency;
			target = D00000000000000000000010 /* FirmamentWidgets */;
			targetProxy = C00000000000000000000005 /* PBXContainerItemProxy */;
		};
/* End PBXTargetDependency section */

/* Begin XCBuildConfiguration section */
		A00000000000000000000011 /* Debug */ = {
			isa = XCBuildConfiguration;
			buildSettings = {
				ALWAYS_SEARCH_USER_PATHS = NO;
				CODE_SIGN_STYLE = Automatic;
				DEVELOPMENT_TEAM = YF9662K2Y4;
				DEBUG_INFORMATION_FORMAT = dwarf;
				ENABLE_TESTABILITY = YES;
				GCC_OPTIMIZATION_LEVEL = 0;
				ONLY_ACTIVE_ARCH = YES;
				SWIFT_ACTIVE_COMPILATION_CONDITIONS = "DEBUG $(inherited)";
				SWIFT_OPTIMIZATION_LEVEL = "-Onone";
				SWIFT_VERSION = 6.0;
			};
			name = Debug;
		};
		A00000000000000000000012 /* Release */ = {
			isa = XCBuildConfiguration;
			buildSettings = {
				ALWAYS_SEARCH_USER_PATHS = NO;
				CODE_SIGN_STYLE = Automatic;
				DEVELOPMENT_TEAM = YF9662K2Y4;
				DEBUG_INFORMATION_FORMAT = "dwarf-with-dsym";
				SWIFT_COMPILATION_MODE = wholemodule;
				SWIFT_VERSION = 6.0;
			};
			name = Release;
		};
		B00000000000000000000011 /* Debug */ = {
			isa = XCBuildConfiguration;
			buildSettings = {
				CODE_SIGN_ENTITLEMENTS = Mac/Firmament.entitlements;
				CURRENT_PROJECT_VERSION = 1;
				ENABLE_HARDENED_RUNTIME = YES;
				GENERATE_INFOPLIST_FILE = YES;
				INFOPLIST_KEY_NSMicrophoneUsageDescription = "Firmament records voice notes you capture.";
				LD_RUNPATH_SEARCH_PATHS = "$(inherited) @executable_path/../Frameworks";
				MACOSX_DEPLOYMENT_TARGET = 26.0;
				MARKETING_VERSION = 0.1.0;
				PRODUCT_BUNDLE_IDENTIFIER = com.davidraphael.firmament;
				PRODUCT_NAME = "$(TARGET_NAME)";
				SDKROOT = macosx;
			};
			name = Debug;
		};
		B00000000000000000000012 /* Release */ = {
			isa = XCBuildConfiguration;
			buildSettings = {
				CODE_SIGN_ENTITLEMENTS = Mac/Firmament.entitlements;
				CURRENT_PROJECT_VERSION = 1;
				ENABLE_HARDENED_RUNTIME = YES;
				GENERATE_INFOPLIST_FILE = YES;
				INFOPLIST_KEY_NSMicrophoneUsageDescription = "Firmament records voice notes you capture.";
				LD_RUNPATH_SEARCH_PATHS = "$(inherited) @executable_path/../Frameworks";
				MACOSX_DEPLOYMENT_TARGET = 26.0;
				MARKETING_VERSION = 0.1.0;
				PRODUCT_BUNDLE_IDENTIFIER = com.davidraphael.firmament;
				PRODUCT_NAME = "$(TARGET_NAME)";
				SDKROOT = macosx;
			};
			name = Release;
		};
		C00000000000000000000011 /* Debug */ = {
			isa = XCBuildConfiguration;
			buildSettings = {
				CODE_SIGN_ENTITLEMENTS = iOS/Firmament.entitlements;
				CURRENT_PROJECT_VERSION = 1;
				GENERATE_INFOPLIST_FILE = YES;
				INFOPLIST_KEY_NSMicrophoneUsageDescription = "Firmament records voice notes you capture.";
				INFOPLIST_KEY_NSSupportsLiveActivities = YES;
				INFOPLIST_KEY_UILaunchScreen_Generation = YES;
				IPHONEOS_DEPLOYMENT_TARGET = 26.0;
				LD_RUNPATH_SEARCH_PATHS = "$(inherited) @executable_path/Frameworks";
				MARKETING_VERSION = 0.1.0;
				PRODUCT_BUNDLE_IDENTIFIER = com.davidraphael.firmament.ios;
				PRODUCT_NAME = "$(TARGET_NAME)";
				SDKROOT = iphoneos;
				TARGETED_DEVICE_FAMILY = 1;
			};
			name = Debug;
		};
		C00000000000000000000012 /* Release */ = {
			isa = XCBuildConfiguration;
			buildSettings = {
				CODE_SIGN_ENTITLEMENTS = iOS/Firmament.entitlements;
				CURRENT_PROJECT_VERSION = 1;
				GENERATE_INFOPLIST_FILE = YES;
				INFOPLIST_KEY_NSMicrophoneUsageDescription = "Firmament records voice notes you capture.";
				INFOPLIST_KEY_NSSupportsLiveActivities = YES;
				INFOPLIST_KEY_UILaunchScreen_Generation = YES;
				IPHONEOS_DEPLOYMENT_TARGET = 26.0;
				LD_RUNPATH_SEARCH_PATHS = "$(inherited) @executable_path/Frameworks";
				MARKETING_VERSION = 0.1.0;
				PRODUCT_BUNDLE_IDENTIFIER = com.davidraphael.firmament.ios;
				PRODUCT_NAME = "$(TARGET_NAME)";
				SDKROOT = iphoneos;
				TARGETED_DEVICE_FAMILY = 1;
			};
			name = Release;
		};
		D00000000000000000000011 /* Debug */ = {
			isa = XCBuildConfiguration;
			buildSettings = {
				CODE_SIGN_ENTITLEMENTS = iOSWidgets/FirmamentWidgets.entitlements;
				CURRENT_PROJECT_VERSION = 1;
				GENERATE_INFOPLIST_FILE = YES;
				INFOPLIST_FILE = iOSWidgets/Info.plist;
				INFOPLIST_KEY_CFBundleDisplayName = Firmament;
				IPHONEOS_DEPLOYMENT_TARGET = 26.0;
				LD_RUNPATH_SEARCH_PATHS = "$(inherited) @executable_path/Frameworks @executable_path/../../Frameworks";
				MARKETING_VERSION = 0.1.0;
				PRODUCT_BUNDLE_IDENTIFIER = com.davidraphael.firmament.ios.FirmamentWidgets;
				PRODUCT_NAME = "$(TARGET_NAME)";
				SDKROOT = iphoneos;
				SKIP_INSTALL = YES;
				TARGETED_DEVICE_FAMILY = 1;
			};
			name = Debug;
		};
		D00000000000000000000012 /* Release */ = {
			isa = XCBuildConfiguration;
			buildSettings = {
				CODE_SIGN_ENTITLEMENTS = iOSWidgets/FirmamentWidgets.entitlements;
				CURRENT_PROJECT_VERSION = 1;
				GENERATE_INFOPLIST_FILE = YES;
				INFOPLIST_FILE = iOSWidgets/Info.plist;
				INFOPLIST_KEY_CFBundleDisplayName = Firmament;
				IPHONEOS_DEPLOYMENT_TARGET = 26.0;
				LD_RUNPATH_SEARCH_PATHS = "$(inherited) @executable_path/Frameworks @executable_path/../../Frameworks";
				MARKETING_VERSION = 0.1.0;
				PRODUCT_BUNDLE_IDENTIFIER = com.davidraphael.firmament.ios.FirmamentWidgets;
				PRODUCT_NAME = "$(TARGET_NAME)";
				SDKROOT = iphoneos;
				SKIP_INSTALL = YES;
				TARGETED_DEVICE_FAMILY = 1;
			};
			name = Release;
		};
/* End XCBuildConfiguration section */

/* Begin XCConfigurationList section */
		A00000000000000000000004 /* Build configuration list for PBXProject "Firmament" */ = {
			isa = XCConfigurationList;
			buildConfigurations = (
				A00000000000000000000011 /* Debug */,
				A00000000000000000000012 /* Release */,
			);
			defaultConfigurationIsVisible = 0;
			defaultConfigurationName = Release;
		};
		B00000000000000000000041 /* Build configuration list for PBXNativeTarget "Firmament" */ = {
			isa = XCConfigurationList;
			buildConfigurations = (
				B00000000000000000000011 /* Debug */,
				B00000000000000000000012 /* Release */,
			);
			defaultConfigurationIsVisible = 0;
			defaultConfigurationName = Release;
		};
		C00000000000000000000041 /* Build configuration list for PBXNativeTarget "Firmament iOS" */ = {
			isa = XCConfigurationList;
			buildConfigurations = (
				C00000000000000000000011 /* Debug */,
				C00000000000000000000012 /* Release */,
			);
			defaultConfigurationIsVisible = 0;
			defaultConfigurationName = Release;
		};
		D00000000000000000000041 /* Build configuration list for PBXNativeTarget "FirmamentWidgets" */ = {
			isa = XCConfigurationList;
			buildConfigurations = (
				D00000000000000000000011 /* Debug */,
				D00000000000000000000012 /* Release */,
			);
			defaultConfigurationIsVisible = 0;
			defaultConfigurationName = Release;
		};
/* End XCConfigurationList section */

/* Begin XCLocalSwiftPackageReference section */
		F00000000000000000000001 /* XCLocalSwiftPackageReference "FirmamentKit" */ = {
			isa = XCLocalSwiftPackageReference;
			relativePath = FirmamentKit;
		};
/* End XCLocalSwiftPackageReference section */

/* Begin XCSwiftPackageProductDependency section */
		B00000000000000000000004 /* FirmamentKit */ = {
			isa = XCSwiftPackageProductDependency;
			productName = FirmamentKit;
		};
		C00000000000000000000004 /* FirmamentKit */ = {
			isa = XCSwiftPackageProductDependency;
			productName = FirmamentKit;
		};
		D00000000000000000000004 /* FirmamentKit */ = {
			isa = XCSwiftPackageProductDependency;
			productName = FirmamentKit;
		};
/* End XCSwiftPackageProductDependency section */
	};
	rootObject = A00000000000000000000001 /* Project object */;
}
